
Microsoft Visual Studio Solution File, Format Version 12.00
# Visual Studio Version 16
VisualStudioVersion = 16.0.30621.155
MinimumVisualStudioVersion = 10.0.40219.1
Project("{FAE04EC0-301F-11D3-BF4B-00C04F79EFBC}") = "Discord Rat V1", "Discord Rat V1.csproj", "{E7AE748A-B8D7-436E-8D56-1CBFB809B369}"
EndProject
Global
	GlobalSection(SolutionConfigurationPlatforms) = preSolution
		Debug|Any CPU = Debug|Any CPU
		Release|Any CPU = Release|Any CPU
	EndGlobalSection
	GlobalSection(ProjectConfigurationPlatforms) = postSolution
		{E7AE748A-B8D7-436E-8D56-1CBFB809B369}.Debug|Any CPU.ActiveCfg = Debug|Any CPU
		{E7AE748A-B8D7-436E-8D56-1CBFB809B369}.Debug|Any CPU.Build.0 = Debug|Any CPU
		{E7AE748A-B8D7-436E-8D56-1CBFB809B369}.Release|Any CPU.ActiveCfg = Release|Any CPU
		{E7AE748A-B8D7-436E-8D56-1CBFB809B369}.Release|Any CPU.Build.0 = Release|Any CPU
	EndGlobalSection
	GlobalSection(SolutionProperties) = preSolution
		HideSolutionNode = FALSE
	EndGlobalSection
	GlobalSection(ExtensibilityGlobals) = postSolution
		SolutionGuid = {80C480D4-1599-4507-B8C4-A8A8309C0ECD}
	EndGlobalSection
EndGlobal
